
Microsoft Visual Studio Solution File, Format Version 12.00
# Visual Studio Version 16
VisualStudioVersion = 16.0.30406.217
MinimumVisualStudioVersion = 10.0.40219.1
Project("{FAE04EC0-301F-11D3-BF4B-00C04F79EFBC}") = "EJERCICIO2", "EJERCICIO2\EJERCICIO2.csproj", "{FB92FCEC-5ACE-4FB4-8885-75AC339F112D}"
EndProject
Project("{FAE04EC0-301F-11D3-BF4B-00C04F79EFBC}") = "CADEncuesta", "CADEncuesta\CADEncuesta.csproj", "{C2B4BFA7-7C75-40E6-A4B9-57057A67B2E7}"
EndProject
Global
	GlobalSection(SolutionConfigurationPlatforms) = preSolution
		Debug|Any CPU = Debug|Any CPU
		Release|Any CPU = Release|Any CPU
	EndGlobalSection
	GlobalSection(ProjectConfigurationPlatforms) = postSolution
		{FB92FCEC-5ACE-4FB4-8885-75AC339F112D}.Debug|Any CPU.ActiveCfg = Debug|Any CPU
		{FB92FCEC-5ACE-4FB4-8885-75AC339F112D}.Debug|Any CPU.Build.0 = Debug|Any CPU
		{FB92FCEC-5ACE-4FB4-8885-75AC339F112D}.Release|Any CPU.ActiveCfg = Release|Any CPU
		{FB92FCEC-5ACE-4FB4-8885-75AC339F112D}.Release|Any CPU.Build.0 = Release|Any CPU
		{C2B4BFA7-7C75-40E6-A4B9-57057A67B2E7}.Debug|Any CPU.ActiveCfg = Debug|Any CPU
		{C2B4BFA7-7C75-40E6-A4B9-57057A67B2E7}.Debug|Any CPU.Build.0 = Debug|Any CPU
		{C2B4BFA7-7C75-40E6-A4B9-57057A67B2E7}.Release|Any CPU.ActiveCfg = Release|Any CPU
		{C2B4BFA7-7C75-40E6-A4B9-57057A67B2E7}.Release|Any CPU.Build.0 = Release|Any CPU
	EndGlobalSection
	GlobalSection(SolutionProperties) = preSolution
		HideSolutionNode = FALSE
	EndGlobalSection
	GlobalSection(ExtensibilityGlobals) = postSolution
		SolutionGuid = {67BF5F4E-3B04-446E-84B5-1BA78E6CC661}
	EndGlobalSection
EndGlobal
